# SPDX-License-Identifier: Apache-2.0
# Complete linux/amd64 Debian package closure for the hosted runtime.
# Format: package exact-version SHA-256
libbsd0 0.11.7-2 bb31cc8b40f962a85b2cec970f7f79cc704a1ae4bad24257a822055404b2c60b
libcbor0.8 0.8.0-2+b1 8cbd111e1ad1c1357afb18f916c88c7ebb8cc860b8fac04ccc66a9eefe5a53af
libedit2 3.1-20221030-2 1cf14abf2716d3279db12d0657a5737cf70074a1e71d3bdf73206625e3c89ce6
libfido2-1 1.12.0-2+b1 dba89cd91adcb886ce1972122e55768aa3652cb562a6b26c5983c2d482a30a1e
libproc2-0 2:4.0.2-3 e82ba5d01929eafb8b9954606a3c38b0332a987c2b3432388b4ee7365e54deae
libssl3 3.0.20-1~deb12u2 89be24b41bff568ee6e7caf5680a3d808e80315ed92e407056ce0fa7a5bda025
libwrap0 7.6.q-32 cbce2669a3ba4d74cfdc52b14f38014893e23d85a33d109a3422c342eefc55f8
openssh-client 1:9.2p1-2+deb12u10 42c250b8b9110382488c53c066a960bc564ddac2cb9e449f47b6cdbb5fc1cb60
openssh-server 1:9.2p1-2+deb12u10 933cd92a2329f9bf26d22660a834ae18ebdbe8df9c6127e4d9fcb098dac9cf72
openssh-sftp-server 1:9.2p1-2+deb12u10 18d7ef7873861272b43b764295cbd8c04f439108fc3a4cecb3fe6e095f8ee2a8
openssl 3.0.20-1~deb12u2 4d218561dc838de081de97f54584c4a29e77e26c7ed9fe3440d776d8e6071bf9
procps 2:4.0.2-3 d9d0e75779cb79af869181f17b93c5c263a2b89cac6a0193c436160a4483ddc1
runit-helper 2.15.2 fd08121947a1ea340d07e1b523591035419552ac151dfe6e241e8a748e15c36b
sensible-utils 0.0.17+nmu1 e0e66f783996ec4670ed5041c446160ec671c723d4be47d3bc27af93c2958a76
ucf 3.0043+nmu1+deb12u1 928f2d5d327ef0f8d1b9c03a506134f56564cd2acf3e9f041df3dbdc68b00525
