# SPDX-License-Identifier: Apache-2.0
# This file was autogenerated by uv via the following command:
#    uv 0.11.29 pip compile requirements/boostedblob.in --output-file requirements/boostedblob-linux-amd64-py311.lock --generate-hashes --only-binary=:all: --python-version 3.11 --python-platform x86_64-manylinux_2_17
aiohappyeyeballs==2.7.1 \
    --hash=sha256:9243213661e29250eb41368e5daa826fc017156c3b8a11440826b2e3ed376472
    # via aiohttp
aiohttp==3.14.1 \
    --hash=sha256:b821a1f7dedf7e37450654e620038ac3b2e81e8fa6ea269337e97101978ec730
    # via boostedblob
aiosignal==1.4.0 \
    --hash=sha256:053243f8b92b990551949e63930a839ff0cf0b0ebbe0597b0f3fb19e1a0fe82e
    # via aiohttp
attrs==26.1.0 \
    --hash=sha256:c647aa4a12dfbad9333ca4e71fe62ddc36f4e63b2d260a37a8b83d2f043ac309
    # via aiohttp
boostedblob==1.0.0 \
    --hash=sha256:8c9583a10e8913d9a68a89d0733fd2a4b6022a5a21d366f09c3d2f864e16833b
    # via -r requirements/boostedblob.in
frozenlist==1.8.0 \
    --hash=sha256:0c18a16eab41e82c295618a77502e17b195883241c563b00f0aa5106fc4eaa0d
    # via
    #   aiohttp
    #   aiosignal
idna==3.18 \
    --hash=sha256:7f952cbe720b688055e3f87de14f5c3e5fdaa8bc3928985c4077ca689de849a2
    # via yarl
lxml==6.1.1 \
    --hash=sha256:db1d75f6617a49c1c01bc7023713e0ff59ab32c9579ae62a7674c0e34f3b0b0a
    # via boostedblob
multidict==6.7.1 \
    --hash=sha256:439cbebd499f92e9aa6793016a8acaa161dfa749ae86d20960189f5398a19144
    # via
    #   aiohttp
    #   yarl
propcache==0.5.2 \
    --hash=sha256:5aaa2b923c1944ac8febd6609cb373540a5563e7cbcb0fd770f75dace2eb817b
    # via
    #   aiohttp
    #   yarl
pycryptodomex==3.23.0 \
    --hash=sha256:f489c4765093fb60e2edafdf223397bc716491b2b69fe74367b70d6999257a5c
    # via boostedblob
typing-extensions==4.16.0 \
    --hash=sha256:481caa481374e813c1b176ada14e97f1f67a4539ce9cfeb3f350d78d6370c2e8
    # via
    #   aiohttp
    #   aiosignal
uvloop==0.22.1 \
    --hash=sha256:56a2d1fae65fd82197cb8c53c367310b3eabe1bbb9fb5a04d28e3e3520e4f702
    # via boostedblob
yarl==1.24.2 \
    --hash=sha256:49016d82f032b1bd1e10b01078a7d29ae71bf468eeae0ea22df8bab691e60003
    # via aiohttp
